
Microsoft Visual Studio Solution File, Format Version 12.00
# Visual Studio Version 17
VisualStudioVersion = 17.4.33213.308
MinimumVisualStudioVersion = 10.0.40219.1
Project("{FAE04EC0-301F-11D3-BF4B-00C04F79EFBC}") = "Мыловарение", "Мыловарение.csproj", "{6D8764C7-ACBC-4B0B-A26A-E32B22454DA2}"
EndProject
Global
	GlobalSection(SolutionConfigurationPlatforms) = preSolution
		Debug|Any CPU = Debug|Any CPU
		Release|Any CPU = Release|Any CPU
	EndGlobalSection
	GlobalSection(ProjectConfigurationPlatforms) = postSolution
		{6D8764C7-ACBC-4B0B-A26A-E32B22454DA2}.Debug|Any CPU.ActiveCfg = Debug|Any CPU
		{6D8764C7-ACBC-4B0B-A26A-E32B22454DA2}.Debug|Any CPU.Build.0 = Debug|Any CPU
		{6D8764C7-ACBC-4B0B-A26A-E32B22454DA2}.Release|Any CPU.ActiveCfg = Release|Any CPU
		{6D8764C7-ACBC-4B0B-A26A-E32B22454DA2}.Release|Any CPU.Build.0 = Release|Any CPU
	EndGlobalSection
	GlobalSection(SolutionProperties) = preSolution
		HideSolutionNode = FALSE
	EndGlobalSection
	GlobalSection(ExtensibilityGlobals) = postSolution
		SolutionGuid = {BF20A14E-B1F4-4352-A8CE-99825F12E014}
	EndGlobalSection
EndGlobal
